{
  "version": 4,
  "terraform_version": "1.6.6",
  "serial": 19,
  "lineage": "3c223cf3-bfbe-ad43-12a2-0522a20a4105",
  "outputs": {},
  "resources": [
    {
      "mode": "managed",
      "type": "azurerm_app_service_source_control",
      "name": "sourcecontrol",
      "provider": "provider[\"registry.terraform.io/hashicorp/azurerm\"]",
      "instances": [
        {
          "schema_version": 0,
          "attributes": {
            "app_id": "/subscriptions/e6ccebc6-390b-42f2-a4cb-52bf8b0ac627/resourceGroups/myResourceGroup-71332/providers/Microsoft.Web/sites/webapp-71332",
            "branch": "master",
            "github_action_configuration": [],
            "id": "/subscriptions/e6ccebc6-390b-42f2-a4cb-52bf8b0ac627/resourceGroups/myResourceGroup-71332/providers/Microsoft.Web/sites/webapp-71332",
            "repo_url": "https://github.com/Azure-Samples/nodejs-docs-hello-world",
            "rollback_enabled": false,
            "scm_type": "ExternalGit",
            "timeouts": null,
            "use_local_git": false,
            "use_manual_integration": true,
            "use_mercurial": false,
            "uses_github_action": false
          },
          "sensitive_attributes": [],
          "private": "eyJlMmJmYjczMC1lY2FhLTExZTYtOGY4OC0zNDM2M2JjN2M0YzAiOnsiY3JlYXRlIjoxODAwMDAwMDAwMDAwLCJkZWxldGUiOjE4MDAwMDAwMDAwMDAsInJlYWQiOjMwMDAwMDAwMDAwMH19",
          "dependencies": [
            "azurerm_linux_web_app.webapp",
            "azurerm_resource_group.rg",
            "azurerm_service_plan.appserviceplan",
            "random_integer.ri"
          ]
        }
      ]
    },
    {
      "mode": "managed",
      "type": "azurerm_linux_web_app",
      "name": "webapp",
      "provider": "provider[\"registry.terraform.io/hashicorp/azurerm\"]",
      "instances": [
        {
          "schema_version": 0,
          "attributes": {
            "app_settings": null,
            "auth_settings": [
              {
                "active_directory": [],
                "additional_login_parameters": {},
                "allowed_external_redirect_urls": [],
                "default_provider": "",
                "enabled": false,
                "facebook": [],
                "github": [],
                "google": [],
                "issuer": "",
                "microsoft": [],
                "runtime_version": "",
                "token_refresh_extension_hours": 0,
                "token_store_enabled": false,
                "twitter": [],
                "unauthenticated_client_action": ""
              }
            ],
            "backup": [],
            "client_affinity_enabled": false,
            "client_certificate_enabled": false,
            "client_certificate_mode": "Required",
            "connection_string": [],
            "custom_domain_verification_id": "C0E516881C40A60FC15A6967775070FEAC2D2F963682E43F145DA7B08F112442",
            "default_hostname": "webapp-71332.azurewebsites.net",
            "enabled": true,
            "https_only": true,
            "id": "/subscriptions/e6ccebc6-390b-42f2-a4cb-52bf8b0ac627/resourceGroups/myResourceGroup-71332/providers/Microsoft.Web/sites/webapp-71332",
            "identity": [],
            "key_vault_reference_identity_id": "SystemAssigned",
            "kind": "app,linux",
            "location": "eastus",
            "logs": [],
            "name": "webapp-71332",
            "outbound_ip_address_list": [
              "20.81.28.26",
              "20.81.28.252",
              "20.81.31.248",
              "20.88.184.6",
              "20.88.184.15",
              "20.88.184.16",
              "20.119.0.4"
            ],
            "outbound_ip_addresses": "20.81.28.26,20.81.28.252,20.81.31.248,20.88.184.6,20.88.184.15,20.88.184.16,20.119.0.4",
            "possible_outbound_ip_address_list": [
              "20.81.28.26",
              "20.81.28.252",
              "20.81.31.248",
              "20.88.184.6",
              "20.88.184.15",
              "20.88.184.16",
              "20.88.184.34",
              "20.88.184.42",
              "20.88.184.47",
              "20.88.184.102",
              "20.88.184.107",
              "20.88.184.112",
              "20.88.184.170",
              "20.88.184.172",
              "20.88.184.229",
              "20.88.184.242",
              "20.88.185.6",
              "20.88.185.30",
              "20.88.185.78",
              "20.88.185.98",
              "20.88.185.106",
              "20.88.185.171",
              "20.88.185.185",
              "20.88.185.209",
              "20.119.0.4"
            ],
            "possible_outbound_ip_addresses": "20.81.28.26,20.81.28.252,20.81.31.248,20.88.184.6,20.88.184.15,20.88.184.16,20.88.184.34,20.88.184.42,20.88.184.47,20.88.184.102,20.88.184.107,20.88.184.112,20.88.184.170,20.88.184.172,20.88.184.229,20.88.184.242,20.88.185.6,20.88.185.30,20.88.185.78,20.88.185.98,20.88.185.106,20.88.185.171,20.88.185.185,20.88.185.209,20.119.0.4",
            "resource_group_name": "myResourceGroup-71332",
            "service_plan_id": "/subscriptions/e6ccebc6-390b-42f2-a4cb-52bf8b0ac627/resourceGroups/myResourceGroup-71332/providers/Microsoft.Web/serverfarms/webapp-asp-71332",
            "site_config": [
              {
                "always_on": true,
                "api_definition_url": "",
                "api_management_api_id": "",
                "app_command_line": "",
                "application_stack": [
                  {
                    "docker_image": "",
                    "docker_image_tag": "",
                    "dotnet_version": "",
                    "java_server": "",
                    "java_server_version": "",
                    "java_version": "",
                    "node_version": "",
                    "php_version": "",
                    "python_version": "",
                    "ruby_version": ""
                  }
                ],
                "auto_heal_enabled": false,
                "auto_heal_setting": [],
                "container_registry_managed_identity_client_id": "",
                "container_registry_use_managed_identity": false,
                "cors": [],
                "default_documents": [
                  "Default.htm",
                  "Default.html",
                  "Default.asp",
                  "index.htm",
                  "index.html",
                  "iisstart.htm",
                  "default.aspx",
                  "index.php",
                  "hostingstart.html"
                ],
                "detailed_error_logging_enabled": false,
                "ftps_state": "Disabled",
                "health_check_eviction_time_in_min": 0,
                "health_check_path": "",
                "http2_enabled": false,
                "ip_restriction": [],
                "linux_fx_version": "",
                "load_balancing_mode": "LeastRequests",
                "local_mysql_enabled": false,
                "managed_pipeline_mode": "Integrated",
                "minimum_tls_version": "1.2",
                "remote_debugging_enabled": false,
                "remote_debugging_version": "VS2019",
                "scm_ip_restriction": [],
                "scm_minimum_tls_version": "1.2",
                "scm_type": "None",
                "scm_use_main_ip_restriction": false,
                "use_32_bit_worker": true,
                "vnet_route_all_enabled": false,
                "websockets_enabled": false,
                "worker_count": 1
              }
            ],
            "site_credential": [
              {
                "name": "$webapp-71332",
                "password": "0pJRE7qdJGe3w8ejQeiakJxuBQrh9H2DeqfDLbyWDXWZuqTNTM1iwe4xCo4n"
              }
            ],
            "storage_account": [],
            "tags": null,
            "timeouts": null
          },
          "sensitive_attributes": [],
          "private": "eyJlMmJmYjczMC1lY2FhLTExZTYtOGY4OC0zNDM2M2JjN2M0YzAiOnsiY3JlYXRlIjoxODAwMDAwMDAwMDAwLCJkZWxldGUiOjE4MDAwMDAwMDAwMDAsInJlYWQiOjMwMDAwMDAwMDAwMCwidXBkYXRlIjoxODAwMDAwMDAwMDAwfX0=",
          "dependencies": [
            "azurerm_resource_group.rg",
            "azurerm_service_plan.appserviceplan",
            "random_integer.ri"
          ]
        }
      ]
    },
    {
      "mode": "managed",
      "type": "azurerm_resource_group",
      "name": "rg",
      "provider": "provider[\"registry.terraform.io/hashicorp/azurerm\"]",
      "instances": [
        {
          "schema_version": 0,
          "attributes": {
            "id": "/subscriptions/e6ccebc6-390b-42f2-a4cb-52bf8b0ac627/resourceGroups/myResourceGroup-71332",
            "location": "eastus",
            "name": "myResourceGroup-71332",
            "tags": null,
            "timeouts": null
          },
          "sensitive_attributes": [],
          "private": "eyJlMmJmYjczMC1lY2FhLTExZTYtOGY4OC0zNDM2M2JjN2M0YzAiOnsiY3JlYXRlIjo1NDAwMDAwMDAwMDAwLCJkZWxldGUiOjU0MDAwMDAwMDAwMDAsInJlYWQiOjMwMDAwMDAwMDAwMCwidXBkYXRlIjo1NDAwMDAwMDAwMDAwfX0=",
          "dependencies": [
            "random_integer.ri"
          ]
        }
      ]
    },
    {
      "mode": "managed",
      "type": "azurerm_service_plan",
      "name": "appserviceplan",
      "provider": "provider[\"registry.terraform.io/hashicorp/azurerm\"]",
      "instances": [
        {
          "schema_version": 0,
          "attributes": {
            "app_service_environment_id": "",
            "id": "/subscriptions/e6ccebc6-390b-42f2-a4cb-52bf8b0ac627/resourceGroups/myResourceGroup-71332/providers/Microsoft.Web/serverfarms/webapp-asp-71332",
            "kind": "linux",
            "location": "eastus",
            "maximum_elastic_worker_count": 1,
            "name": "webapp-asp-71332",
            "os_type": "Linux",
            "per_site_scaling_enabled": false,
            "reserved": true,
            "resource_group_name": "myResourceGroup-71332",
            "sku_name": "B1",
            "tags": null,
            "timeouts": null,
            "worker_count": 1
          },
          "sensitive_attributes": [],
          "private": "eyJlMmJmYjczMC1lY2FhLTExZTYtOGY4OC0zNDM2M2JjN2M0YzAiOnsiY3JlYXRlIjozNjAwMDAwMDAwMDAwLCJkZWxldGUiOjM2MDAwMDAwMDAwMDAsInJlYWQiOjMwMDAwMDAwMDAwMCwidXBkYXRlIjozNjAwMDAwMDAwMDAwfX0=",
          "dependencies": [
            "azurerm_resource_group.rg",
            "random_integer.ri"
          ]
        }
      ]
    },
    {
      "mode": "managed",
      "type": "random_integer",
      "name": "ri",
      "provider": "provider[\"registry.terraform.io/hashicorp/random\"]",
      "instances": [
        {
          "schema_version": 0,
          "attributes": {
            "id": "71332",
            "keepers": null,
            "max": 99999,
            "min": 10000,
            "result": 71332,
            "seed": null
          },
          "sensitive_attributes": []
        }
      ]
    }
  ],
  "check_results": null
}
