{
  "version": 4,
  "terraform_version": "1.6.6",
  "serial": 5,
  "lineage": "b9eaa087-e123-1588-f894-35f16e846a87",
  "outputs": {},
  "resources": [
    {
      "mode": "managed",
      "type": "azurerm_resource_group",
      "name": "rg",
      "provider": "provider[\"registry.terraform.io/hashicorp/azurerm\"]",
      "instances": [
        {
          "schema_version": 0,
          "attributes": {
            "id": "/subscriptions/e6ccebc6-390b-42f2-a4cb-52bf8b0ac627/resourceGroups/myResourceGroup-31145",
            "location": "eastus",
            "name": "myResourceGroup-31145",
            "tags": {},
            "timeouts": null
          },
          "sensitive_attributes": [],
          "private": "eyJlMmJmYjczMC1lY2FhLTExZTYtOGY4OC0zNDM2M2JjN2M0YzAiOnsiY3JlYXRlIjo1NDAwMDAwMDAwMDAwLCJkZWxldGUiOjU0MDAwMDAwMDAwMDAsInJlYWQiOjMwMDAwMDAwMDAwMCwidXBkYXRlIjo1NDAwMDAwMDAwMDAwfX0=",
          "dependencies": [
            "random_integer.ri"
          ]
        }
      ]
    },
    {
      "mode": "managed",
      "type": "azurerm_storage_account",
      "name": "sa",
      "provider": "provider[\"registry.terraform.io/hashicorp/azurerm\"]",
      "instances": [
        {
          "schema_version": 3,
          "attributes": {
            "access_tier": "Hot",
            "account_kind": "StorageV2",
            "account_replication_type": "GRS",
            "account_tier": "Standard",
            "allow_nested_items_to_be_public": true,
            "azure_files_authentication": [],
            "blob_properties": [
              {
                "change_feed_enabled": false,
                "container_delete_retention_policy": [],
                "cors_rule": [],
                "default_service_version": "",
                "delete_retention_policy": [],
                "last_access_time_enabled": false,
                "versioning_enabled": false
              }
            ],
            "custom_domain": [],
            "customer_managed_key": [],
            "edge_zone": "",
            "enable_https_traffic_only": true,
            "id": "/subscriptions/e6ccebc6-390b-42f2-a4cb-52bf8b0ac627/resourceGroups/myResourceGroup-31145/providers/Microsoft.Storage/storageAccounts/1n1lymk31145",
            "identity": [],
            "infrastructure_encryption_enabled": false,
            "is_hns_enabled": false,
            "large_file_share_enabled": null,
            "location": "eastus",
            "min_tls_version": "TLS1_2",
            "name": "1n1lymk31145",
            "network_rules": [
              {
                "bypass": [
                  "AzureServices"
                ],
                "default_action": "Allow",
                "ip_rules": [],
                "private_link_access": [],
                "virtual_network_subnet_ids": []
              }
            ],
            "nfsv3_enabled": false,
            "primary_access_key": "64X3o0pO1HLv3kwu+WMmhl/sOLCxdHoR17tKYSXny9SuEvvxMooj7PhYOeCcCIVagdH0b5STdmna+AStrSzBIQ==",
            "primary_blob_connection_string": "DefaultEndpointsProtocol=https;BlobEndpoint=https://1n1lymk31145.blob.core.windows.net/;AccountName=1n1lymk31145;AccountKey=64X3o0pO1HLv3kwu+WMmhl/sOLCxdHoR17tKYSXny9SuEvvxMooj7PhYOeCcCIVagdH0b5STdmna+AStrSzBIQ==",
            "primary_blob_endpoint": "https://1n1lymk31145.blob.core.windows.net/",
            "primary_blob_host": "1n1lymk31145.blob.core.windows.net",
            "primary_connection_string": "DefaultEndpointsProtocol=https;AccountName=1n1lymk31145;AccountKey=64X3o0pO1HLv3kwu+WMmhl/sOLCxdHoR17tKYSXny9SuEvvxMooj7PhYOeCcCIVagdH0b5STdmna+AStrSzBIQ==;EndpointSuffix=core.windows.net",
            "primary_dfs_endpoint": "https://1n1lymk31145.dfs.core.windows.net/",
            "primary_dfs_host": "1n1lymk31145.dfs.core.windows.net",
            "primary_file_endpoint": "https://1n1lymk31145.file.core.windows.net/",
            "primary_file_host": "1n1lymk31145.file.core.windows.net",
            "primary_location": "eastus",
            "primary_queue_endpoint": "https://1n1lymk31145.queue.core.windows.net/",
            "primary_queue_host": "1n1lymk31145.queue.core.windows.net",
            "primary_table_endpoint": "https://1n1lymk31145.table.core.windows.net/",
            "primary_table_host": "1n1lymk31145.table.core.windows.net",
            "primary_web_endpoint": "https://1n1lymk31145.z13.web.core.windows.net/",
            "primary_web_host": "1n1lymk31145.z13.web.core.windows.net",
            "queue_encryption_key_type": "Service",
            "queue_properties": [
              {
                "cors_rule": [],
                "hour_metrics": [
                  {
                    "enabled": true,
                    "include_apis": true,
                    "retention_policy_days": 7,
                    "version": "1.0"
                  }
                ],
                "logging": [
                  {
                    "delete": false,
                    "read": false,
                    "retention_policy_days": 0,
                    "version": "1.0",
                    "write": false
                  }
                ],
                "minute_metrics": [
                  {
                    "enabled": false,
                    "include_apis": false,
                    "retention_policy_days": 0,
                    "version": "1.0"
                  }
                ]
              }
            ],
            "resource_group_name": "myResourceGroup-31145",
            "routing": [],
            "secondary_access_key": "Ep4RwPqs/MNgjyoZgwBQP/twqWlKPyDiC/iMtkHX+JX5Crr4bC0x6cdiV2W0W3/TSKHBRpFMCMLh+AStnvWKVA==",
            "secondary_blob_connection_string": "",
            "secondary_blob_endpoint": null,
            "secondary_blob_host": null,
            "secondary_connection_string": "DefaultEndpointsProtocol=https;AccountName=1n1lymk31145;AccountKey=Ep4RwPqs/MNgjyoZgwBQP/twqWlKPyDiC/iMtkHX+JX5Crr4bC0x6cdiV2W0W3/TSKHBRpFMCMLh+AStnvWKVA==;EndpointSuffix=core.windows.net",
            "secondary_dfs_endpoint": null,
            "secondary_dfs_host": null,
            "secondary_file_endpoint": null,
            "secondary_file_host": null,
            "secondary_location": "westus",
            "secondary_queue_endpoint": null,
            "secondary_queue_host": null,
            "secondary_table_endpoint": null,
            "secondary_table_host": null,
            "secondary_web_endpoint": null,
            "secondary_web_host": null,
            "share_properties": [
              {
                "cors_rule": [],
                "retention_policy": [
                  {
                    "days": 7
                  }
                ],
                "smb": []
              }
            ],
            "shared_access_key_enabled": true,
            "static_website": [],
            "table_encryption_key_type": "Service",
            "tags": {
              "environment": "staging"
            },
            "timeouts": null
          },
          "sensitive_attributes": [],
          "private": "eyJlMmJmYjczMC1lY2FhLTExZTYtOGY4OC0zNDM2M2JjN2M0YzAiOnsiY3JlYXRlIjozNjAwMDAwMDAwMDAwLCJkZWxldGUiOjM2MDAwMDAwMDAwMDAsInJlYWQiOjMwMDAwMDAwMDAwMCwidXBkYXRlIjozNjAwMDAwMDAwMDAwfSwic2NoZW1hX3ZlcnNpb24iOiIzIn0=",
          "dependencies": [
            "azurerm_resource_group.rg",
            "random_integer.ri"
          ]
        }
      ]
    },
    {
      "mode": "managed",
      "type": "random_integer",
      "name": "ri",
      "provider": "provider[\"registry.terraform.io/hashicorp/random\"]",
      "instances": [
        {
          "schema_version": 0,
          "attributes": {
            "id": "31145",
            "keepers": null,
            "max": 99999,
            "min": 10000,
            "result": 31145,
            "seed": null
          },
          "sensitive_attributes": []
        }
      ]
    }
  ],
  "check_results": null
}
